
Microsoft Visual Studio Solution File, Format Version 12.00
# Visual Studio Version 17
VisualStudioVersion = 17.0.31903.59
MinimumVisualStudioVersion = 10.0.40219.1
Project("{9A19103F-16F7-4668-BE54-9A1E7A4F7556}") = "API", "API\API.csproj", "{91E9EB3D-0389-4CF1-89AE-9855B0527BA3}"
EndProject
Project("{FAE04EC0-301F-11D3-BF4B-00C04F79EFBC}") = "Core", "Core\Core.csproj", "{71DC297F-BBCC-4982-899D-7BB239F149DD}"
EndProject
Project("{FAE04EC0-301F-11D3-BF4B-00C04F79EFBC}") = "Infrastructure", "Infrastructure\Infrastructure.csproj", "{01ABDCB7-9A2A-4A99-A51C-3233660A9667}"
EndProject
Global
	GlobalSection(SolutionConfigurationPlatforms) = preSolution
		Debug|Any CPU = Debug|Any CPU
		Release|Any CPU = Release|Any CPU
	EndGlobalSection
	GlobalSection(ProjectConfigurationPlatforms) = postSolution
		{91E9EB3D-0389-4CF1-89AE-9855B0527BA3}.Debug|Any CPU.ActiveCfg = Debug|Any CPU
		{91E9EB3D-0389-4CF1-89AE-9855B0527BA3}.Debug|Any CPU.Build.0 = Debug|Any CPU
		{91E9EB3D-0389-4CF1-89AE-9855B0527BA3}.Release|Any CPU.ActiveCfg = Release|Any CPU
		{91E9EB3D-0389-4CF1-89AE-9855B0527BA3}.Release|Any CPU.Build.0 = Release|Any CPU
		{71DC297F-BBCC-4982-899D-7BB239F149DD}.Debug|Any CPU.ActiveCfg = Debug|Any CPU
		{71DC297F-BBCC-4982-899D-7BB239F149DD}.Debug|Any CPU.Build.0 = Debug|Any CPU
		{71DC297F-BBCC-4982-899D-7BB239F149DD}.Release|Any CPU.ActiveCfg = Release|Any CPU
		{71DC297F-BBCC-4982-899D-7BB239F149DD}.Release|Any CPU.Build.0 = Release|Any CPU
		{01ABDCB7-9A2A-4A99-A51C-3233660A9667}.Debug|Any CPU.ActiveCfg = Debug|Any CPU
		{01ABDCB7-9A2A-4A99-A51C-3233660A9667}.Debug|Any CPU.Build.0 = Debug|Any CPU
		{01ABDCB7-9A2A-4A99-A51C-3233660A9667}.Release|Any CPU.ActiveCfg = Release|Any CPU
		{01ABDCB7-9A2A-4A99-A51C-3233660A9667}.Release|Any CPU.Build.0 = Release|Any CPU
	EndGlobalSection
	GlobalSection(SolutionProperties) = preSolution
		HideSolutionNode = FALSE
	EndGlobalSection
	GlobalSection(ExtensibilityGlobals) = postSolution
		SolutionGuid = {465097D8-92C7-4F45-887B-347A557A14F6}
	EndGlobalSection
EndGlobal
